
Microsoft Visual Studio Solution File, Format Version 12.00
# Visual Studio Version 17
VisualStudioVersion = 17.4.33103.184
MinimumVisualStudioVersion = 10.0.40219.1
Project("{FAE04EC0-301F-11D3-BF4B-00C04F79EFBC}") = "ProjetBDD", "ProjetBDD\ProjetBDD.csproj", "{A01F6C76-A2FA-4319-9F55-645FB18BAA65}"
EndProject
Global
	GlobalSection(SolutionConfigurationPlatforms) = preSolution
		Debug|Any CPU = Debug|Any CPU
		Release|Any CPU = Release|Any CPU
	EndGlobalSection
	GlobalSection(ProjectConfigurationPlatforms) = postSolution
		{A01F6C76-A2FA-4319-9F55-645FB18BAA65}.Debug|Any CPU.ActiveCfg = Debug|Any CPU
		{A01F6C76-A2FA-4319-9F55-645FB18BAA65}.Debug|Any CPU.Build.0 = Debug|Any CPU
		{A01F6C76-A2FA-4319-9F55-645FB18BAA65}.Release|Any CPU.ActiveCfg = Release|Any CPU
		{A01F6C76-A2FA-4319-9F55-645FB18BAA65}.Release|Any CPU.Build.0 = Release|Any CPU
	EndGlobalSection
	GlobalSection(SolutionProperties) = preSolution
		HideSolutionNode = FALSE
	EndGlobalSection
	GlobalSection(ExtensibilityGlobals) = postSolution
		SolutionGuid = {73F70A93-C229-4BCF-A5B3-D8871DA0D70D}
	EndGlobalSection
EndGlobal
